
Microsoft Visual Studio Solution File, Format Version 12.00
# Visual Studio Version 16
VisualStudioVersion = 16.0.28809.33
MinimumVisualStudioVersion = 10.0.40219.1
Project("{778DAE3C-4631-46EA-AA77-85C1314464D9}") = "01.variables_consola", "variables_consola\01.variables_consola.vbproj", "{C034C4BE-6195-4202-8BFC-ED269DEE3A4D}"
EndProject
Project("{778DAE3C-4631-46EA-AA77-85C1314464D9}") = "02.variables_tipos", "VariablesTipos\02.variables_tipos.vbproj", "{1D20B881-703B-4E4C-87A7-5EE6A276C3C2}"
EndProject
Project("{778DAE3C-4631-46EA-AA77-85C1314464D9}") = "03.concatenacion", "concatenacion\03.concatenacion.vbproj", "{4E7415F1-653E-470D-AA90-7075DEE3C29F}"
EndProject
Project("{778DAE3C-4631-46EA-AA77-85C1314464D9}") = "04.aritmetica", "aritmetica\04.aritmetica.vbproj", "{11921AE5-74AC-4D8D-8ADE-9379353A0CFA}"
EndProject
Project("{778DAE3C-4631-46EA-AA77-85C1314464D9}") = "05.ecuacion", "calculo\05.ecuacion.vbproj", "{8F916D65-6CF1-46A6-9D41-5ED0282188D1}"
EndProject
Project("{778DAE3C-4631-46EA-AA77-85C1314464D9}") = "06.mediaysuma", "06.mediaysuma\06.mediaysuma.vbproj", "{F395C0B7-3FED-45CF-9DA2-713477F876B3}"
EndProject
Project("{778DAE3C-4631-46EA-AA77-85C1314464D9}") = "07.semanas", "07.semanas\07.semanas.vbproj", "{D9675B1D-8125-49CC-860F-26301CD47D5D}"
EndProject
Project("{778DAE3C-4631-46EA-AA77-85C1314464D9}") = "08.tablasverdad", "08.tablasverdad\08.tablasverdad.vbproj", "{DA56220A-C306-4D76-85E6-10A369C48851}"
EndProject
Project("{778DAE3C-4631-46EA-AA77-85C1314464D9}") = "1.9.Interes", "1.9.Interes\1.9.Interes.vbproj", "{DFF5A9A6-16BE-4F2C-B929-4F1B5D104885}"
EndProject
Project("{778DAE3C-4631-46EA-AA77-85C1314464D9}") = "1.10.Resto_division", "1.10.Resto_division\1.10.Resto_division.vbproj", "{97DC5FDC-18DB-4B92-B186-B5EEB6E9BDCC}"
EndProject
Project("{778DAE3C-4631-46EA-AA77-85C1314464D9}") = "1.11.Matematica1", "1.11.Matematica1\1.11.Matematica1.vbproj", "{838A4C00-5184-494A-8EFB-6C85D1F87568}"
EndProject
Project("{778DAE3C-4631-46EA-AA77-85C1314464D9}") = "1.12.Redondeo", "1.12.Redondeo\1.12.Redondeo.vbproj", "{B48908AA-9A1D-4CE9-99C2-96F62216BCD0}"
EndProject
Project("{778DAE3C-4631-46EA-AA77-85C1314464D9}") = "1.13.Mayor", "1.13.Mayor\1.13.Mayor.vbproj", "{8AC15ED9-0F3C-4E95-B6CD-1FDC907836F3}"
EndProject
Project("{F184B08F-C81C-45F6-A57F-5ABD9991F28F}") = "1.14.Cadenas1", "1.14.Cadenas1\1.14.Cadenas1.vbproj", "{8B2CCA8F-4AB1-433E-B903-32871F559518}"
EndProject
Project("{F184B08F-C81C-45F6-A57F-5ABD9991F28F}") = "1.15.Refrase", "1.15.Refrase\1.15.Refrase.vbproj", "{35230F87-22DD-48D2-9E84-E362028FD74B}"
EndProject
Project("{778DAE3C-4631-46EA-AA77-85C1314464D9}") = "1.16.Reloj", "1.16.Reloj\1.16.Reloj.vbproj", "{329E5C3E-32DF-4763-B848-9F0698153E6C}"
EndProject
Project("{778DAE3C-4631-46EA-AA77-85C1314464D9}") = "1.17.Ajustar_reloj", "1.17.Ajustar_reloj\1.17.Ajustar_reloj.vbproj", "{EB993948-0A1F-4D8F-BDF2-FDB35324A3BB}"
EndProject
Project("{778DAE3C-4631-46EA-AA77-85C1314464D9}") = "1.18.Nueva_fecha", "1.18.Nueva_fecha\1.18.Nueva_fecha.vbproj", "{CBFC4CB0-44F3-4137-80E5-C2D59434CABD}"
EndProject
Project("{F184B08F-C81C-45F6-A57F-5ABD9991F28F}") = "1.19.Dias", "1.19.Dias\1.19.Dias.vbproj", "{67F608DA-C32A-4CC8-AFC7-F9864C5FF807}"
EndProject
Global
	GlobalSection(SolutionConfigurationPlatforms) = preSolution
		Debug|Any CPU = Debug|Any CPU
		Release|Any CPU = Release|Any CPU
	EndGlobalSection
	GlobalSection(ProjectConfigurationPlatforms) = postSolution
		{C034C4BE-6195-4202-8BFC-ED269DEE3A4D}.Debug|Any CPU.ActiveCfg = Debug|Any CPU
		{C034C4BE-6195-4202-8BFC-ED269DEE3A4D}.Debug|Any CPU.Build.0 = Debug|Any CPU
		{C034C4BE-6195-4202-8BFC-ED269DEE3A4D}.Release|Any CPU.ActiveCfg = Release|Any CPU
		{C034C4BE-6195-4202-8BFC-ED269DEE3A4D}.Release|Any CPU.Build.0 = Release|Any CPU
		{1D20B881-703B-4E4C-87A7-5EE6A276C3C2}.Debug|Any CPU.ActiveCfg = Debug|Any CPU
		{1D20B881-703B-4E4C-87A7-5EE6A276C3C2}.Debug|Any CPU.Build.0 = Debug|Any CPU
		{1D20B881-703B-4E4C-87A7-5EE6A276C3C2}.Release|Any CPU.ActiveCfg = Release|Any CPU
		{1D20B881-703B-4E4C-87A7-5EE6A276C3C2}.Release|Any CPU.Build.0 = Release|Any CPU
		{4E7415F1-653E-470D-AA90-7075DEE3C29F}.Debug|Any CPU.ActiveCfg = Debug|Any CPU
		{4E7415F1-653E-470D-AA90-7075DEE3C29F}.Debug|Any CPU.Build.0 = Debug|Any CPU
		{4E7415F1-653E-470D-AA90-7075DEE3C29F}.Release|Any CPU.ActiveCfg = Release|Any CPU
		{4E7415F1-653E-470D-AA90-7075DEE3C29F}.Release|Any CPU.Build.0 = Release|Any CPU
		{11921AE5-74AC-4D8D-8ADE-9379353A0CFA}.Debug|Any CPU.ActiveCfg = Debug|Any CPU
		{11921AE5-74AC-4D8D-8ADE-9379353A0CFA}.Debug|Any CPU.Build.0 = Debug|Any CPU
		{11921AE5-74AC-4D8D-8ADE-9379353A0CFA}.Release|Any CPU.ActiveCfg = Release|Any CPU
		{11921AE5-74AC-4D8D-8ADE-9379353A0CFA}.Release|Any CPU.Build.0 = Release|Any CPU
		{8F916D65-6CF1-46A6-9D41-5ED0282188D1}.Debug|Any CPU.ActiveCfg = Debug|Any CPU
		{8F916D65-6CF1-46A6-9D41-5ED0282188D1}.Debug|Any CPU.Build.0 = Debug|Any CPU
		{8F916D65-6CF1-46A6-9D41-5ED0282188D1}.Release|Any CPU.ActiveCfg = Release|Any CPU
		{8F916D65-6CF1-46A6-9D41-5ED0282188D1}.Release|Any CPU.Build.0 = Release|Any CPU
		{F395C0B7-3FED-45CF-9DA2-713477F876B3}.Debug|Any CPU.ActiveCfg = Debug|Any CPU
		{F395C0B7-3FED-45CF-9DA2-713477F876B3}.Debug|Any CPU.Build.0 = Debug|Any CPU
		{F395C0B7-3FED-45CF-9DA2-713477F876B3}.Release|Any CPU.ActiveCfg = Release|Any CPU
		{F395C0B7-3FED-45CF-9DA2-713477F876B3}.Release|Any CPU.Build.0 = Release|Any CPU
		{D9675B1D-8125-49CC-860F-26301CD47D5D}.Debug|Any CPU.ActiveCfg = Debug|Any CPU
		{D9675B1D-8125-49CC-860F-26301CD47D5D}.Debug|Any CPU.Build.0 = Debug|Any CPU
		{D9675B1D-8125-49CC-860F-26301CD47D5D}.Release|Any CPU.ActiveCfg = Release|Any CPU
		{D9675B1D-8125-49CC-860F-26301CD47D5D}.Release|Any CPU.Build.0 = Release|Any CPU
		{DA56220A-C306-4D76-85E6-10A369C48851}.Debug|Any CPU.ActiveCfg = Debug|Any CPU
		{DA56220A-C306-4D76-85E6-10A369C48851}.Debug|Any CPU.Build.0 = Debug|Any CPU
		{DA56220A-C306-4D76-85E6-10A369C48851}.Release|Any CPU.ActiveCfg = Release|Any CPU
		{DA56220A-C306-4D76-85E6-10A369C48851}.Release|Any CPU.Build.0 = Release|Any CPU
		{DFF5A9A6-16BE-4F2C-B929-4F1B5D104885}.Debug|Any CPU.ActiveCfg = Debug|Any CPU
		{DFF5A9A6-16BE-4F2C-B929-4F1B5D104885}.Debug|Any CPU.Build.0 = Debug|Any CPU
		{DFF5A9A6-16BE-4F2C-B929-4F1B5D104885}.Release|Any CPU.ActiveCfg = Release|Any CPU
		{DFF5A9A6-16BE-4F2C-B929-4F1B5D104885}.Release|Any CPU.Build.0 = Release|Any CPU
		{97DC5FDC-18DB-4B92-B186-B5EEB6E9BDCC}.Debug|Any CPU.ActiveCfg = Debug|Any CPU
		{97DC5FDC-18DB-4B92-B186-B5EEB6E9BDCC}.Debug|Any CPU.Build.0 = Debug|Any CPU
		{97DC5FDC-18DB-4B92-B186-B5EEB6E9BDCC}.Release|Any CPU.ActiveCfg = Release|Any CPU
		{97DC5FDC-18DB-4B92-B186-B5EEB6E9BDCC}.Release|Any CPU.Build.0 = Release|Any CPU
		{838A4C00-5184-494A-8EFB-6C85D1F87568}.Debug|Any CPU.ActiveCfg = Debug|Any CPU
		{838A4C00-5184-494A-8EFB-6C85D1F87568}.Debug|Any CPU.Build.0 = Debug|Any CPU
		{838A4C00-5184-494A-8EFB-6C85D1F87568}.Release|Any CPU.ActiveCfg = Release|Any CPU
		{838A4C00-5184-494A-8EFB-6C85D1F87568}.Release|Any CPU.Build.0 = Release|Any CPU
		{B48908AA-9A1D-4CE9-99C2-96F62216BCD0}.Debug|Any CPU.ActiveCfg = Debug|Any CPU
		{B48908AA-9A1D-4CE9-99C2-96F62216BCD0}.Debug|Any CPU.Build.0 = Debug|Any CPU
		{B48908AA-9A1D-4CE9-99C2-96F62216BCD0}.Release|Any CPU.ActiveCfg = Release|Any CPU
		{B48908AA-9A1D-4CE9-99C2-96F62216BCD0}.Release|Any CPU.Build.0 = Release|Any CPU
		{8AC15ED9-0F3C-4E95-B6CD-1FDC907836F3}.Debug|Any CPU.ActiveCfg = Debug|Any CPU
		{8AC15ED9-0F3C-4E95-B6CD-1FDC907836F3}.Debug|Any CPU.Build.0 = Debug|Any CPU
		{8AC15ED9-0F3C-4E95-B6CD-1FDC907836F3}.Release|Any CPU.ActiveCfg = Release|Any CPU
		{8AC15ED9-0F3C-4E95-B6CD-1FDC907836F3}.Release|Any CPU.Build.0 = Release|Any CPU
		{8B2CCA8F-4AB1-433E-B903-32871F559518}.Debug|Any CPU.ActiveCfg = Debug|Any CPU
		{8B2CCA8F-4AB1-433E-B903-32871F559518}.Debug|Any CPU.Build.0 = Debug|Any CPU
		{8B2CCA8F-4AB1-433E-B903-32871F559518}.Release|Any CPU.ActiveCfg = Release|Any CPU
		{8B2CCA8F-4AB1-433E-B903-32871F559518}.Release|Any CPU.Build.0 = Release|Any CPU
		{35230F87-22DD-48D2-9E84-E362028FD74B}.Debug|Any CPU.ActiveCfg = Debug|Any CPU
		{35230F87-22DD-48D2-9E84-E362028FD74B}.Debug|Any CPU.Build.0 = Debug|Any CPU
		{35230F87-22DD-48D2-9E84-E362028FD74B}.Release|Any CPU.ActiveCfg = Release|Any CPU
		{35230F87-22DD-48D2-9E84-E362028FD74B}.Release|Any CPU.Build.0 = Release|Any CPU
		{329E5C3E-32DF-4763-B848-9F0698153E6C}.Debug|Any CPU.ActiveCfg = Debug|Any CPU
		{329E5C3E-32DF-4763-B848-9F0698153E6C}.Debug|Any CPU.Build.0 = Debug|Any CPU
		{329E5C3E-32DF-4763-B848-9F0698153E6C}.Release|Any CPU.ActiveCfg = Release|Any CPU
		{329E5C3E-32DF-4763-B848-9F0698153E6C}.Release|Any CPU.Build.0 = Release|Any CPU
		{EB993948-0A1F-4D8F-BDF2-FDB35324A3BB}.Debug|Any CPU.ActiveCfg = Debug|Any CPU
		{EB993948-0A1F-4D8F-BDF2-FDB35324A3BB}.Debug|Any CPU.Build.0 = Debug|Any CPU
		{EB993948-0A1F-4D8F-BDF2-FDB35324A3BB}.Release|Any CPU.ActiveCfg = Release|Any CPU
		{EB993948-0A1F-4D8F-BDF2-FDB35324A3BB}.Release|Any CPU.Build.0 = Release|Any CPU
		{CBFC4CB0-44F3-4137-80E5-C2D59434CABD}.Debug|Any CPU.ActiveCfg = Debug|Any CPU
		{CBFC4CB0-44F3-4137-80E5-C2D59434CABD}.Debug|Any CPU.Build.0 = Debug|Any CPU
		{CBFC4CB0-44F3-4137-80E5-C2D59434CABD}.Release|Any CPU.ActiveCfg = Release|Any CPU
		{CBFC4CB0-44F3-4137-80E5-C2D59434CABD}.Release|Any CPU.Build.0 = Release|Any CPU
		{67F608DA-C32A-4CC8-AFC7-F9864C5FF807}.Debug|Any CPU.ActiveCfg = Debug|Any CPU
		{67F608DA-C32A-4CC8-AFC7-F9864C5FF807}.Debug|Any CPU.Build.0 = Debug|Any CPU
		{67F608DA-C32A-4CC8-AFC7-F9864C5FF807}.Release|Any CPU.ActiveCfg = Release|Any CPU
		{67F608DA-C32A-4CC8-AFC7-F9864C5FF807}.Release|Any CPU.Build.0 = Release|Any CPU
	EndGlobalSection
	GlobalSection(SolutionProperties) = preSolution
		HideSolutionNode = FALSE
	EndGlobalSection
	GlobalSection(ExtensibilityGlobals) = postSolution
		SolutionGuid = {E21AA3C7-AC38-41AE-B628-97CE4AE00251}
	EndGlobalSection
EndGlobal
